
Microsoft Visual Studio Solution File, Format Version 12.00
# Visual Studio 15
VisualStudioVersion = 15.0.28307.329
MinimumVisualStudioVersion = 10.0.40219.1
Project("{FAE04EC0-301F-11D3-BF4B-00C04F79EFBC}") = "Blitz Secutiry MS", "WindowsFormsApp5\Blitz Secutiry MS.csproj", "{D432AE54-7983-4D73-B727-0DDC76A08EED}"
EndProject
Global
	GlobalSection(SolutionConfigurationPlatforms) = preSolution
		Debug|Any CPU = Debug|Any CPU
		Debug|x86 = Debug|x86
		Release|Any CPU = Release|Any CPU
		Release|x86 = Release|x86
	EndGlobalSection
	GlobalSection(ProjectConfigurationPlatforms) = postSolution
		{D432AE54-7983-4D73-B727-0DDC76A08EED}.Debug|Any CPU.ActiveCfg = Debug|Any CPU
		{D432AE54-7983-4D73-B727-0DDC76A08EED}.Debug|Any CPU.Build.0 = Debug|Any CPU
		{D432AE54-7983-4D73-B727-0DDC76A08EED}.Debug|x86.ActiveCfg = Debug|x86
		{D432AE54-7983-4D73-B727-0DDC76A08EED}.Debug|x86.Build.0 = Debug|x86
		{D432AE54-7983-4D73-B727-0DDC76A08EED}.Release|Any CPU.ActiveCfg = Release|Any CPU
		{D432AE54-7983-4D73-B727-0DDC76A08EED}.Release|Any CPU.Build.0 = Release|Any CPU
		{D432AE54-7983-4D73-B727-0DDC76A08EED}.Release|x86.ActiveCfg = Release|x86
		{D432AE54-7983-4D73-B727-0DDC76A08EED}.Release|x86.Build.0 = Release|x86
	EndGlobalSection
	GlobalSection(SolutionProperties) = preSolution
		HideSolutionNode = FALSE
	EndGlobalSection
	GlobalSection(ExtensibilityGlobals) = postSolution
		SolutionGuid = {A98AB002-2232-4A74-923F-3B45DBE78944}
	EndGlobalSection
EndGlobal
